
Microsoft Visual Studio Solution File, Format Version 12.00
# Visual Studio Version 17
VisualStudioVersion = 17.4.33205.214
MinimumVisualStudioVersion = 10.0.40219.1
Project("{FAE04EC0-301F-11D3-BF4B-00C04F79EFBC}") = "MoveIt", "MoveIt\MoveIt.csproj", "{C323E306-D11E-48A7-9620-121E4ADC4765}"
EndProject
Project("{FAE04EC0-301F-11D3-BF4B-00C04F79EFBC}") = "MoveItIntegration", "MoveItIntegration\MoveItIntegration.csproj", "{77E7B3BD-AB18-4CAA-AE86-46A4216FB81C}"
EndProject
Project("{D954291E-2A0B-460D-934E-DC6B0785DB48}") = "QCommon Shared", "..\..\QCommon\Repo\QCommon\QCommon\Shared\QCommon Shared.shproj", "{233B2695-91AD-4B85-A778-1FFF467FAE35}"
EndProject
Global
	GlobalSection(SolutionConfigurationPlatforms) = preSolution
		Debug|Any CPU = Debug|Any CPU
		Release|Any CPU = Release|Any CPU
	EndGlobalSection
	GlobalSection(ProjectConfigurationPlatforms) = postSolution
		{C323E306-D11E-48A7-9620-121E4ADC4765}.Debug|Any CPU.ActiveCfg = Debug|Any CPU
		{C323E306-D11E-48A7-9620-121E4ADC4765}.Debug|Any CPU.Build.0 = Debug|Any CPU
		{C323E306-D11E-48A7-9620-121E4ADC4765}.Release|Any CPU.ActiveCfg = Release|Any CPU
		{C323E306-D11E-48A7-9620-121E4ADC4765}.Release|Any CPU.Build.0 = Release|Any CPU
		{77E7B3BD-AB18-4CAA-AE86-46A4216FB81C}.Debug|Any CPU.ActiveCfg = Debug|Any CPU
		{77E7B3BD-AB18-4CAA-AE86-46A4216FB81C}.Debug|Any CPU.Build.0 = Debug|Any CPU
		{77E7B3BD-AB18-4CAA-AE86-46A4216FB81C}.Release|Any CPU.ActiveCfg = Release|Any CPU
		{77E7B3BD-AB18-4CAA-AE86-46A4216FB81C}.Release|Any CPU.Build.0 = Release|Any CPU
	EndGlobalSection
	GlobalSection(SolutionProperties) = preSolution
		HideSolutionNode = FALSE
	EndGlobalSection
	GlobalSection(ExtensibilityGlobals) = postSolution
		SolutionGuid = {9BC4E37B-327F-420A-9D4D-BB924BFD9B2D}
	EndGlobalSection
	GlobalSection(SharedMSBuildProjectFiles) = preSolution
		..\..\QCommon\Repo\QCommon\QCommon\Shared\QCommon Shared.projitems*{233b2695-91ad-4b85-a778-1fff467fae35}*SharedItemsImports = 13
		..\..\QCommon\Repo\QCommon\QCommon\Shared\QCommon Shared.projitems*{c323e306-d11e-48a7-9620-121e4adc4765}*SharedItemsImports = 4
	EndGlobalSection
EndGlobal
